// !$*UTF8*$!
{
	archiveVersion = 1;
	classes = {
	};
	objectVersion = 77;
	objects = {

/* Begin PBXBuildFile section */
		68D1BB1D2D251362007B7991 /* liblibtyp_browser.dylib in Frameworks */ = {isa = PBXBuildFile; fileRef = 68D1BB1C2D251362007B7991 /* liblibtyp_browser.dylib */; };
		68D1BB1E2D251362007B7991 /* liblibtyp_browser.dylib in Embed Libraries */ = {isa = PBXBuildFile; fileRef = 68D1BB1C2D251362007B7991 /* liblibtyp_browser.dylib */; settings = {ATTRIBUTES = (CodeSignOnCopy, ); }; };
/* End PBXBuildFile section */

/* Begin PBXContainerItemProxy section */
		681A56D32D2457CE002E302C /* PBXContainerItemProxy */ = {
			isa = PBXContainerItemProxy;
			containerPortal = 681A56B92D2457CA002E302C /* Project object */;
			proxyType = 1;
			remoteGlobalIDString = 681A56C02D2457CA002E302C;
			remoteInfo = "typ-browser";
		};
		681A56DD2D2457CE002E302C /* PBXContainerItemProxy */ = {
			isa = PBXContainerItemProxy;
			containerPortal = 681A56B92D2457CA002E302C /* Project object */;
			proxyType = 1;
			remoteGlobalIDString = 681A56C02D2457CA002E302C;
			remoteInfo = "typ-browser";
		};
/* End PBXContainerItemProxy section */

/* Begin PBXCopyFilesBuildPhase section */
		68D1BB1F2D251362007B7991 /* Embed Libraries */ = {
			isa = PBXCopyFilesBuildPhase;
			buildActionMask = 2147483647;
			dstPath = "";
			dstSubfolderSpec = 10;
			files = (
				68D1BB1E2D251362007B7991 /* liblibtyp_browser.dylib in Embed Libraries */,
			);
			name = "Embed Libraries";
			runOnlyForDeploymentPostprocessing = 0;
		};
/* End PBXCopyFilesBuildPhase section */

/* Begin PBXFileReference section */
		681A56C12D2457CA002E302C /* typ-browser.app */ = {isa = PBXFileReference; explicitFileType = wrapper.application; includeInIndex = 0; path = "typ-browser.app"; sourceTree = BUILT_PRODUCTS_DIR; };
		681A56D22D2457CE002E302C /* typ-browserTests.xctest */ = {isa = PBXFileReference; explicitFileType = wrapper.cfbundle; includeInIndex = 0; path = "typ-browserTests.xctest"; sourceTree = BUILT_PRODUCTS_DIR; };
		681A56DC2D2457CE002E302C /* typ-browserUITests.xctest */ = {isa = PBXFileReference; explicitFileType = wrapper.cfbundle; includeInIndex = 0; path = "typ-browserUITests.xctest"; sourceTree = BUILT_PRODUCTS_DIR; };
		68D1BB1C2D251362007B7991 /* liblibtyp_browser.dylib */ = {isa = PBXFileReference; lastKnownFileType = "compiled.mach-o.dylib"; name = liblibtyp_browser.dylib; path = "libtyp-browser/target/release/liblibtyp_browser.dylib"; sourceTree = SOURCE_ROOT; };
		68EA615D2D251EE20071FCEB /* liblibtyp_browser.h */ = {isa = PBXFileReference; lastKnownFileType = sourcecode.c.h; path = liblibtyp_browser.h; sourceTree = SOURCE_ROOT; };
		68EA61602D251F3D0071FCEB /* typ-browser-Bridging-Header.h */ = {isa = PBXFileReference; lastKnownFileType = sourcecode.c.h; path = "typ-browser-Bridging-Header.h"; sourceTree = SOURCE_ROOT; };
/* End PBXFileReference section */

/* Begin PBXFileSystemSynchronizedRootGroup section */
		681A56C32D2457CA002E302C /* typ-browser */ = {
			isa = PBXFileSystemSynchronizedRootGroup;
			path = "typ-browser";
			sourceTree = "<group>";
		};
		681A56D52D2457CE002E302C /* typ-browserTests */ = {
			isa = PBXFileSystemSynchronizedRootGroup;
			path = "typ-browserTests";
			sourceTree = "<group>";
		};
		681A56DF2D2457CE002E302C /* typ-browserUITests */ = {
			isa = PBXFileSystemSynchronizedRootGroup;
			path = "typ-browserUITests";
			sourceTree = "<group>";
		};
/* End PBXFileSystemSynchronizedRootGroup section */

/* Begin PBXFrameworksBuildPhase section */
		681A56BE2D2457CA002E302C /* Frameworks */ = {
			isa = PBXFrameworksBuildPhase;
			buildActionMask = 2147483647;
			files = (
				68D1BB1D2D251362007B7991 /* liblibtyp_browser.dylib in Frameworks */,
			);
			runOnlyForDeploymentPostprocessing = 0;
		};
		681A56CF2D2457CE002E302C /* Frameworks */ = {
			isa = PBXFrameworksBuildPhase;
			buildActionMask = 2147483647;
			files = (
			);
			runOnlyForDeploymentPostprocessing = 0;
		};
		681A56D92D2457CE002E302C /* Frameworks */ = {
			isa = PBXFrameworksBuildPhase;
			buildActionMask = 2147483647;
			files = (
			);
			runOnlyForDeploymentPostprocessing = 0;
		};
/* End PBXFrameworksBuildPhase section */

/* Begin PBXGroup section */
		681A56B82D2457CA002E302C = {
			isa = PBXGroup;
			children = (
				68EA61602D251F3D0071FCEB /* typ-browser-Bridging-Header.h */,
				68EA615D2D251EE20071FCEB /* liblibtyp_browser.h */,
				681A56C32D2457CA002E302C /* typ-browser */,
				681A56D52D2457CE002E302C /* typ-browserTests */,
				681A56DF2D2457CE002E302C /* typ-browserUITests */,
				68D1BB1B2D251362007B7991 /* Frameworks */,
				681A56C22D2457CA002E302C /* Products */,
			);
			sourceTree = "<group>";
		};
		681A56C22D2457CA002E302C /* Products */ = {
			isa = PBXGroup;
			children = (
				681A56C12D2457CA002E302C /* typ-browser.app */,
				681A56D22D2457CE002E302C /* typ-browserTests.xctest */,
				681A56DC2D2457CE002E302C /* typ-browserUITests.xctest */,
			);
			name = Products;
			sourceTree = "<group>";
		};
		68D1BB1B2D251362007B7991 /* Frameworks */ = {
			isa = PBXGroup;
			children = (
				68D1BB1C2D251362007B7991 /* liblibtyp_browser.dylib */,
			);
			name = Frameworks;
			sourceTree = "<group>";
		};
/* End PBXGroup section */

/* Begin PBXNativeTarget section */
		681A56C02D2457CA002E302C /* typ-browser */ = {
			isa = PBXNativeTarget;
			buildConfigurationList = 681A56E62D2457CE002E302C /* Build configuration list for PBXNativeTarget "typ-browser" */;
			buildPhases = (
				681A56BD2D2457CA002E302C /* Sources */,
				681A56BE2D2457CA002E302C /* Frameworks */,
				681A56BF2D2457CA002E302C /* Resources */,
				68D1BB1F2D251362007B7991 /* Embed Libraries */,
			);
			buildRules = (
			);
			dependencies = (
			);
			fileSystemSynchronizedGroups = (
				681A56C32D2457CA002E302C /* typ-browser */,
			);
			name = "typ-browser";
			packageProductDependencies = (
			);
			productName = "typ-browser";
			productReference = 681A56C12D2457CA002E302C /* typ-browser.app */;
			productType = "com.apple.product-type.application";
		};
		681A56D12D2457CE002E302C /* typ-browserTests */ = {
			isa = PBXNativeTarget;
			buildConfigurationList = 681A56E92D2457CE002E302C /* Build configuration list for PBXNativeTarget "typ-browserTests" */;
			buildPhases = (
				681A56CE2D2457CE002E302C /* Sources */,
				681A56CF2D2457CE002E302C /* Frameworks */,
				681A56D02D2457CE002E302C /* Resources */,
			);
			buildRules = (
			);
			dependencies = (
				681A56D42D2457CE002E302C /* PBXTargetDependency */,
			);
			fileSystemSynchronizedGroups = (
				681A56D52D2457CE002E302C /* typ-browserTests */,
			);
			name = "typ-browserTests";
			packageProductDependencies = (
			);
			productName = "typ-browserTests";
			productReference = 681A56D22D2457CE002E302C /* typ-browserTests.xctest */;
			productType = "com.apple.product-type.bundle.unit-test";
		};
		681A56DB2D2457CE002E302C /* typ-browserUITests */ = {
			isa = PBXNativeTarget;
			buildConfigurationList = 681A56EC2D2457CE002E302C /* Build configuration list for PBXNativeTarget "typ-browserUITests" */;
			buildPhases = (
				681A56D82D2457CE002E302C /* Sources */,
				681A56D92D2457CE002E302C /* Frameworks */,
				681A56DA2D2457CE002E302C /* Resources */,
			);
			buildRules = (
			);
			dependencies = (
				681A56DE2D2457CE002E302C /* PBXTargetDependency */,
			);
			fileSystemSynchronizedGroups = (
				681A56DF2D2457CE002E302C /* typ-browserUITests */,
			);
			name = "typ-browserUITests";
			packageProductDependencies = (
			);
			productName = "typ-browserUITests";
			productReference = 681A56DC2D2457CE002E302C /* typ-browserUITests.xctest */;
			productType = "com.apple.product-type.bundle.ui-testing";
		};
/* End PBXNativeTarget section */

/* Begin PBXProject section */
		681A56B92D2457CA002E302C /* Project object */ = {
			isa = PBXProject;
			attributes = {
				BuildIndependentTargetsInParallel = 1;
				LastSwiftUpdateCheck = 1620;
				LastUpgradeCheck = 1620;
				TargetAttributes = {
					681A56C02D2457CA002E302C = {
						CreatedOnToolsVersion = 16.2;
					};
					681A56D12D2457CE002E302C = {
						CreatedOnToolsVersion = 16.2;
						TestTargetID = 681A56C02D2457CA002E302C;
					};
					681A56DB2D2457CE002E302C = {
						CreatedOnToolsVersion = 16.2;
						TestTargetID = 681A56C02D2457CA002E302C;
					};
				};
			};
			buildConfigurationList = 681A56BC2D2457CA002E302C /* Build configuration list for PBXProject "typ-browser" */;
			developmentRegion = en;
			hasScannedForEncodings = 0;
			knownRegions = (
				en,
				Base,
			);
			mainGroup = 681A56B82D2457CA002E302C;
			minimizedProjectReferenceProxies = 1;
			preferredProjectObjectVersion = 77;
			productRefGroup = 681A56C22D2457CA002E302C /* Products */;
			projectDirPath = "";
			projectRoot = "";
			targets = (
				681A56C02D2457CA002E302C /* typ-browser */,
				681A56D12D2457CE002E302C /* typ-browserTests */,
				681A56DB2D2457CE002E302C /* typ-browserUITests */,
			);
		};
/* End PBXProject section */

/* Begin PBXResourcesBuildPhase section */
		681A56BF2D2457CA002E302C /* Resources */ = {
			isa = PBXResourcesBuildPhase;
			buildActionMask = 2147483647;
			files = (
			);
			runOnlyForDeploymentPostprocessing = 0;
		};
		681A56D02D2457CE002E302C /* Resources */ = {
			isa = PBXResourcesBuildPhase;
			buildActionMask = 2147483647;
			files = (
			);
			runOnlyForDeploymentPostprocessing = 0;
		};
		681A56DA2D2457CE002E302C /* Resources */ = {
			isa = PBXResourcesBuildPhase;
			buildActionMask = 2147483647;
			files = (
			);
			runOnlyForDeploymentPostprocessing = 0;
		};
/* End PBXResourcesBuildPhase section */

/* Begin PBXSourcesBuildPhase section */
		681A56BD2D2457CA002E302C /* Sources */ = {
			isa = PBXSourcesBuildPhase;
			buildActionMask = 2147483647;
			files = (
			);
			runOnlyForDeploymentPostprocessing = 0;
		};
		681A56CE2D2457CE002E302C /* Sources */ = {
			isa = PBXSourcesBuildPhase;
			buildActionMask = 2147483647;
			files = (
			);
			runOnlyForDeploymentPostprocessing = 0;
		};
		681A56D82D2457CE002E302C /* Sources */ = {
			isa = PBXSourcesBuildPhase;
			buildActionMask = 2147483647;
			files = (
			);
			runOnlyForDeploymentPostprocessing = 0;
		};
/* End PBXSourcesBuildPhase section */

/* Begin PBXTargetDependency section */
		681A56D42D2457CE002E302C /* PBXTargetDependency */ = {
			isa = PBXTargetDependency;
			target = 681A56C02D2457CA002E302C /* typ-browser */;
			targetProxy = 681A56D32D2457CE002E302C /* PBXContainerItemProxy */;
		};
		681A56DE2D2457CE002E302C /* PBXTargetDependency */ = {
			isa = PBXTargetDependency;
			target = 681A56C02D2457CA002E302C /* typ-browser */;
			targetProxy = 681A56DD2D2457CE002E302C /* PBXContainerItemProxy */;
		};
/* End PBXTargetDependency section */

/* Begin XCBuildConfiguration section */
		681A56E42D2457CE002E302C /* Debug */ = {
			isa = XCBuildConfiguration;
			buildSettings = {
				ALWAYS_SEARCH_USER_PATHS = NO;
				ASSETCATALOG_COMPILER_GENERATE_SWIFT_ASSET_SYMBOL_EXTENSIONS = YES;
				CLANG_ANALYZER_NONNULL = YES;
				CLANG_ANALYZER_NUMBER_OBJECT_CONVERSION = YES_AGGRESSIVE;
				CLANG_CXX_LANGUAGE_STANDARD = "gnu++20";
				CLANG_ENABLE_MODULES = YES;
				CLANG_ENABLE_OBJC_ARC = YES;
				CLANG_ENABLE_OBJC_WEAK = YES;
				CLANG_WARN_BLOCK_CAPTURE_AUTORELEASING = YES;
				CLANG_WARN_BOOL_CONVERSION = YES;
				CLANG_WARN_COMMA = YES;
				CLANG_WARN_CONSTANT_CONVERSION = YES;
				CLANG_WARN_DEPRECATED_OBJC_IMPLEMENTATIONS = YES;
				CLANG_WARN_DIRECT_OBJC_ISA_USAGE = YES_ERROR;
				CLANG_WARN_DOCUMENTATION_COMMENTS = YES;
				CLANG_WARN_EMPTY_BODY = YES;
				CLANG_WARN_ENUM_CONVERSION = YES;
				CLANG_WARN_INFINITE_RECURSION = YES;
				CLANG_WARN_INT_CONVERSION = YES;
				CLANG_WARN_NON_LITERAL_NULL_CONVERSION = YES;
				CLANG_WARN_OBJC_IMPLICIT_RETAIN_SELF = YES;
				CLANG_WARN_OBJC_LITERAL_CONVERSION = YES;
				CLANG_WARN_OBJC_ROOT_CLASS = YES_ERROR;
				CLANG_WARN_QUOTED_INCLUDE_IN_FRAMEWORK_HEADER = YES;
				CLANG_WARN_RANGE_LOOP_ANALYSIS = YES;
				CLANG_WARN_STRICT_PROTOTYPES = YES;
				CLANG_WARN_SUSPICIOUS_MOVE = YES;
				CLANG_WARN_UNGUARDED_AVAILABILITY = YES_AGGRESSIVE;
				CLANG_WARN_UNREACHABLE_CODE = YES;
				CLANG_WARN__DUPLICATE_METHOD_MATCH = YES;
				COPY_PHASE_STRIP = NO;
				DEBUG_INFORMATION_FORMAT = dwarf;
				ENABLE_STRICT_OBJC_MSGSEND = YES;
				ENABLE_TESTABILITY = YES;
				ENABLE_USER_SCRIPT_SANDBOXING = YES;
				GCC_C_LANGUAGE_STANDARD = gnu17;
				GCC_DYNAMIC_NO_PIC = NO;
				GCC_NO_COMMON_BLOCKS = YES;
				GCC_OPTIMIZATION_LEVEL = 0;
				GCC_PREPROCESSOR_DEFINITIONS = (
					"DEBUG=1",
					"$(inherited)",
				);
				GCC_WARN_64_TO_32_BIT_CONVERSION = YES;
				GCC_WARN_ABOUT_RETURN_TYPE = YES_ERROR;
				GCC_WARN_UNDECLARED_SELECTOR = YES;
				GCC_WARN_UNINITIALIZED_AUTOS = YES_AGGRESSIVE;
				GCC_WARN_UNUSED_FUNCTION = YES;
				GCC_WARN_UNUSED_VARIABLE = YES;
				LOCALIZATION_PREFERS_STRING_CATALOGS = YES;
				MTL_ENABLE_DEBUG_INFO = INCLUDE_SOURCE;
				MTL_FAST_MATH = YES;
				ONLY_ACTIVE_ARCH = YES;
				SWIFT_ACTIVE_COMPILATION_CONDITIONS = "DEBUG $(inherited)";
				SWIFT_OPTIMIZATION_LEVEL = "-Onone";
			};
			name = Debug;
		};
		681A56E52D2457CE002E302C /* Release */ = {
			isa = XCBuildConfiguration;
			buildSettings = {
				ALWAYS_SEARCH_USER_PATHS = NO;
				ASSETCATALOG_COMPILER_GENERATE_SWIFT_ASSET_SYMBOL_EXTENSIONS = YES;
				CLANG_ANALYZER_NONNULL = YES;
				CLANG_ANALYZER_NUMBER_OBJECT_CONVERSION = YES_AGGRESSIVE;
				CLANG_CXX_LANGUAGE_STANDARD = "gnu++20";
				CLANG_ENABLE_MODULES = YES;
				CLANG_ENABLE_OBJC_ARC = YES;
				CLANG_ENABLE_OBJC_WEAK = YES;
				CLANG_WARN_BLOCK_CAPTURE_AUTORELEASING = YES;
				CLANG_WARN_BOOL_CONVERSION = YES;
				CLANG_WARN_COMMA = YES;
				CLANG_WARN_CONSTANT_CONVERSION = YES;
				CLANG_WARN_DEPRECATED_OBJC_IMPLEMENTATIONS = YES;
				CLANG_WARN_DIRECT_OBJC_ISA_USAGE = YES_ERROR;
				CLANG_WARN_DOCUMENTATION_COMMENTS = YES;
				CLANG_WARN_EMPTY_BODY = YES;
				CLANG_WARN_ENUM_CONVERSION = YES;
				CLANG_WARN_INFINITE_RECURSION = YES;
				CLANG_WARN_INT_CONVERSION = YES;
				CLANG_WARN_NON_LITERAL_NULL_CONVERSION = YES;
				CLANG_WARN_OBJC_IMPLICIT_RETAIN_SELF = YES;
				CLANG_WARN_OBJC_LITERAL_CONVERSION = YES;
				CLANG_WARN_OBJC_ROOT_CLASS = YES_ERROR;
				CLANG_WARN_QUOTED_INCLUDE_IN_FRAMEWORK_HEADER = YES;
				CLANG_WARN_RANGE_LOOP_ANALYSIS = YES;
				CLANG_WARN_STRICT_PROTOTYPES = YES;
				CLANG_WARN_SUSPICIOUS_MOVE = YES;
				CLANG_WARN_UNGUARDED_AVAILABILITY = YES_AGGRESSIVE;
				CLANG_WARN_UNREACHABLE_CODE = YES;
				CLANG_WARN__DUPLICATE_METHOD_MATCH = YES;
				COPY_PHASE_STRIP = NO;
				DEBUG_INFORMATION_FORMAT = "dwarf-with-dsym";
				ENABLE_NS_ASSERTIONS = NO;
				ENABLE_STRICT_OBJC_MSGSEND = YES;
				ENABLE_USER_SCRIPT_SANDBOXING = YES;
				GCC_C_LANGUAGE_STANDARD = gnu17;
				GCC_NO_COMMON_BLOCKS = YES;
				GCC_WARN_64_TO_32_BIT_CONVERSION = YES;
				GCC_WARN_ABOUT_RETURN_TYPE = YES_ERROR;
				GCC_WARN_UNDECLARED_SELECTOR = YES;
				GCC_WARN_UNINITIALIZED_AUTOS = YES_AGGRESSIVE;
				GCC_WARN_UNUSED_FUNCTION = YES;
				GCC_WARN_UNUSED_VARIABLE = YES;
				LOCALIZATION_PREFERS_STRING_CATALOGS = YES;
				MTL_ENABLE_DEBUG_INFO = NO;
				MTL_FAST_MATH = YES;
				SWIFT_COMPILATION_MODE = wholemodule;
			};
			name = Release;
		};
		681A56E72D2457CE002E302C /* Debug */ = {
			isa = XCBuildConfiguration;
			buildSettings = {
				ASSETCATALOG_COMPILER_APPICON_NAME = AppIcon;
				ASSETCATALOG_COMPILER_GLOBAL_ACCENT_COLOR_NAME = AccentColor;
				CODE_SIGN_ENTITLEMENTS = "typ-browser/typ_browser.entitlements";
				CODE_SIGN_STYLE = Automatic;
				CURRENT_PROJECT_VERSION = 1;
				DEVELOPMENT_ASSET_PATHS = "\"typ-browser/Preview Content\"";
				ENABLE_PREVIEWS = YES;
				GENERATE_INFOPLIST_FILE = YES;
				"INFOPLIST_KEY_UIApplicationSceneManifest_Generation[sdk=iphoneos*]" = YES;
				"INFOPLIST_KEY_UIApplicationSceneManifest_Generation[sdk=iphonesimulator*]" = YES;
				"INFOPLIST_KEY_UIApplicationSupportsIndirectInputEvents[sdk=iphoneos*]" = YES;
				"INFOPLIST_KEY_UIApplicationSupportsIndirectInputEvents[sdk=iphonesimulator*]" = YES;
				"INFOPLIST_KEY_UILaunchScreen_Generation[sdk=iphoneos*]" = YES;
				"INFOPLIST_KEY_UILaunchScreen_Generation[sdk=iphonesimulator*]" = YES;
				"INFOPLIST_KEY_UIStatusBarStyle[sdk=iphoneos*]" = UIStatusBarStyleDefault;
				"INFOPLIST_KEY_UIStatusBarStyle[sdk=iphonesimulator*]" = UIStatusBarStyleDefault;
				INFOPLIST_KEY_UISupportedInterfaceOrientations_iPad = "UIInterfaceOrientationPortrait UIInterfaceOrientationPortraitUpsideDown UIInterfaceOrientationLandscapeLeft UIInterfaceOrientationLandscapeRight";
				INFOPLIST_KEY_UISupportedInterfaceOrientations_iPhone = "UIInterfaceOrientationPortrait UIInterfaceOrientationLandscapeLeft UIInterfaceOrientationLandscapeRight";
				IPHONEOS_DEPLOYMENT_TARGET = 18.2;
				LD_RUNPATH_SEARCH_PATHS = "@executable_path/Frameworks";
				"LD_RUNPATH_SEARCH_PATHS[sdk=macosx*]" = "@executable_path/../Frameworks";
				LIBRARY_SEARCH_PATHS = (
					"$(inherited)",
					"$(PROJECT_DIR)/libtyp-browser/target/release",
				);
				MACOSX_DEPLOYMENT_TARGET = 15.0;
				MARKETING_VERSION = 1.0;
				PRODUCT_BUNDLE_IDENTIFIER = "com.apurva-mishra.typ-browser";
				PRODUCT_NAME = "$(TARGET_NAME)";
				SDKROOT = auto;
				SUPPORTED_PLATFORMS = "iphoneos iphonesimulator macosx xros xrsimulator";
				SWIFT_EMIT_LOC_STRINGS = YES;
				"SWIFT_OBJC_BRIDGING_HEADER[arch=*]" = "typ-browser-Bridging-Header.h";
				SWIFT_VERSION = 5.0;
				TARGETED_DEVICE_FAMILY = "1,2,7";
				XROS_DEPLOYMENT_TARGET = 2.2;
			};
			name = Debug;
		};
		681A56E82D2457CE002E302C /* Release */ = {
			isa = XCBuildConfiguration;
			buildSettings = {
				ASSETCATALOG_COMPILER_APPICON_NAME = AppIcon;
				ASSETCATALOG_COMPILER_GLOBAL_ACCENT_COLOR_NAME = AccentColor;
				CODE_SIGN_ENTITLEMENTS = "typ-browser/typ_browser.entitlements";
				CODE_SIGN_STYLE = Automatic;
				CURRENT_PROJECT_VERSION = 1;
				DEVELOPMENT_ASSET_PATHS = "\"typ-browser/Preview Content\"";
				ENABLE_PREVIEWS = YES;
				GENERATE_INFOPLIST_FILE = YES;
				"INFOPLIST_KEY_UIApplicationSceneManifest_Generation[sdk=iphoneos*]" = YES;
				"INFOPLIST_KEY_UIApplicationSceneManifest_Generation[sdk=iphonesimulator*]" = YES;
				"INFOPLIST_KEY_UIApplicationSupportsIndirectInputEvents[sdk=iphoneos*]" = YES;
				"INFOPLIST_KEY_UIApplicationSupportsIndirectInputEvents[sdk=iphonesimulator*]" = YES;
				"INFOPLIST_KEY_UILaunchScreen_Generation[sdk=iphoneos*]" = YES;
				"INFOPLIST_KEY_UILaunchScreen_Generation[sdk=iphonesimulator*]" = YES;
				"INFOPLIST_KEY_UIStatusBarStyle[sdk=iphoneos*]" = UIStatusBarStyleDefault;
				"INFOPLIST_KEY_UIStatusBarStyle[sdk=iphonesimulator*]" = UIStatusBarStyleDefault;
				INFOPLIST_KEY_UISupportedInterfaceOrientations_iPad = "UIInterfaceOrientationPortrait UIInterfaceOrientationPortraitUpsideDown UIInterfaceOrientationLandscapeLeft UIInterfaceOrientationLandscapeRight";
				INFOPLIST_KEY_UISupportedInterfaceOrientations_iPhone = "UIInterfaceOrientationPortrait UIInterfaceOrientationLandscapeLeft UIInterfaceOrientationLandscapeRight";
				IPHONEOS_DEPLOYMENT_TARGET = 18.2;
				LD_RUNPATH_SEARCH_PATHS = "@executable_path/Frameworks";
				"LD_RUNPATH_SEARCH_PATHS[sdk=macosx*]" = "@executable_path/../Frameworks";
				LIBRARY_SEARCH_PATHS = (
					"$(inherited)",
					"$(PROJECT_DIR)/libtyp-browser/target/release",
				);
				MACOSX_DEPLOYMENT_TARGET = 15.0;
				MARKETING_VERSION = 1.0;
				PRODUCT_BUNDLE_IDENTIFIER = "com.apurva-mishra.typ-browser";
				PRODUCT_NAME = "$(TARGET_NAME)";
				SDKROOT = auto;
				SUPPORTED_PLATFORMS = "iphoneos iphonesimulator macosx xros xrsimulator";
				SWIFT_EMIT_LOC_STRINGS = YES;
				"SWIFT_OBJC_BRIDGING_HEADER[arch=*]" = "typ-browser-Bridging-Header.h";
				SWIFT_VERSION = 5.0;
				TARGETED_DEVICE_FAMILY = "1,2,7";
				XROS_DEPLOYMENT_TARGET = 2.2;
			};
			name = Release;
		};
		681A56EA2D2457CE002E302C /* Debug */ = {
			isa = XCBuildConfiguration;
			buildSettings = {
				BUNDLE_LOADER = "$(TEST_HOST)";
				CODE_SIGN_STYLE = Automatic;
				CURRENT_PROJECT_VERSION = 1;
				GENERATE_INFOPLIST_FILE = YES;
				IPHONEOS_DEPLOYMENT_TARGET = 18.2;
				LIBRARY_SEARCH_PATHS = (
					"$(inherited)",
					"$(PROJECT_DIR)/libtyp-browser/target/release",
				);
				MACOSX_DEPLOYMENT_TARGET = 15.0;
				MARKETING_VERSION = 1.0;
				PRODUCT_BUNDLE_IDENTIFIER = "com.apurva-mishra.typ-browserTests";
				PRODUCT_NAME = "$(TARGET_NAME)";
				SDKROOT = auto;
				SUPPORTED_PLATFORMS = "iphoneos iphonesimulator macosx xros xrsimulator";
				SWIFT_EMIT_LOC_STRINGS = NO;
				SWIFT_VERSION = 5.0;
				TARGETED_DEVICE_FAMILY = "1,2,7";
				TEST_HOST = "$(BUILT_PRODUCTS_DIR)/typ-browser.app/$(BUNDLE_EXECUTABLE_FOLDER_PATH)/typ-browser";
				XROS_DEPLOYMENT_TARGET = 2.2;
			};
			name = Debug;
		};
		681A56EB2D2457CE002E302C /* Release */ = {
			isa = XCBuildConfiguration;
			buildSettings = {
				BUNDLE_LOADER = "$(TEST_HOST)";
				CODE_SIGN_STYLE = Automatic;
				CURRENT_PROJECT_VERSION = 1;
				GENERATE_INFOPLIST_FILE = YES;
				IPHONEOS_DEPLOYMENT_TARGET = 18.2;
				LIBRARY_SEARCH_PATHS = (
					"$(inherited)",
					"$(PROJECT_DIR)/libtyp-browser/target/release",
				);
				MACOSX_DEPLOYMENT_TARGET = 15.0;
				MARKETING_VERSION = 1.0;
				PRODUCT_BUNDLE_IDENTIFIER = "com.apurva-mishra.typ-browserTests";
				PRODUCT_NAME = "$(TARGET_NAME)";
				SDKROOT = auto;
				SUPPORTED_PLATFORMS = "iphoneos iphonesimulator macosx xros xrsimulator";
				SWIFT_EMIT_LOC_STRINGS = NO;
				SWIFT_VERSION = 5.0;
				TARGETED_DEVICE_FAMILY = "1,2,7";
				TEST_HOST = "$(BUILT_PRODUCTS_DIR)/typ-browser.app/$(BUNDLE_EXECUTABLE_FOLDER_PATH)/typ-browser";
				XROS_DEPLOYMENT_TARGET = 2.2;
			};
			name = Release;
		};
		681A56ED2D2457CE002E302C /* Debug */ = {
			isa = XCBuildConfiguration;
			buildSettings = {
				CODE_SIGN_STYLE = Automatic;
				CURRENT_PROJECT_VERSION = 1;
				GENERATE_INFOPLIST_FILE = YES;
				IPHONEOS_DEPLOYMENT_TARGET = 18.2;
				LIBRARY_SEARCH_PATHS = (
					"$(inherited)",
					"$(PROJECT_DIR)/libtyp-browser/target/release",
				);
				MACOSX_DEPLOYMENT_TARGET = 15.0;
				MARKETING_VERSION = 1.0;
				PRODUCT_BUNDLE_IDENTIFIER = "com.apurva-mishra.typ-browserUITests";
				PRODUCT_NAME = "$(TARGET_NAME)";
				SDKROOT = auto;
				SUPPORTED_PLATFORMS = "iphoneos iphonesimulator macosx xros xrsimulator";
				SWIFT_EMIT_LOC_STRINGS = NO;
				SWIFT_VERSION = 5.0;
				TARGETED_DEVICE_FAMILY = "1,2,7";
				TEST_TARGET_NAME = "typ-browser";
				XROS_DEPLOYMENT_TARGET = 2.2;
			};
			name = Debug;
		};
		681A56EE2D2457CE002E302C /* Release */ = {
			isa = XCBuildConfiguration;
			buildSettings = {
				CODE_SIGN_STYLE = Automatic;
				CURRENT_PROJECT_VERSION = 1;
				GENERATE_INFOPLIST_FILE = YES;
				IPHONEOS_DEPLOYMENT_TARGET = 18.2;
				LIBRARY_SEARCH_PATHS = (
					"$(inherited)",
					"$(PROJECT_DIR)/libtyp-browser/target/release",
				);
				MACOSX_DEPLOYMENT_TARGET = 15.0;
				MARKETING_VERSION = 1.0;
				PRODUCT_BUNDLE_IDENTIFIER = "com.apurva-mishra.typ-browserUITests";
				PRODUCT_NAME = "$(TARGET_NAME)";
				SDKROOT = auto;
				SUPPORTED_PLATFORMS = "iphoneos iphonesimulator macosx xros xrsimulator";
				SWIFT_EMIT_LOC_STRINGS = NO;
				SWIFT_VERSION = 5.0;
				TARGETED_DEVICE_FAMILY = "1,2,7";
				TEST_TARGET_NAME = "typ-browser";
				XROS_DEPLOYMENT_TARGET = 2.2;
			};
			name = Release;
		};
/* End XCBuildConfiguration section */

/* Begin XCConfigurationList section */
		681A56BC2D2457CA002E302C /* Build configuration list for PBXProject "typ-browser" */ = {
			isa = XCConfigurationList;
			buildConfigurations = (
				681A56E42D2457CE002E302C /* Debug */,
				681A56E52D2457CE002E302C /* Release */,
			);
			defaultConfigurationIsVisible = 0;
			defaultConfigurationName = Release;
		};
		681A56E62D2457CE002E302C /* Build configuration list for PBXNativeTarget "typ-browser" */ = {
			isa = XCConfigurationList;
			buildConfigurations = (
				681A56E72D2457CE002E302C /* Debug */,
				681A56E82D2457CE002E302C /* Release */,
			);
			defaultConfigurationIsVisible = 0;
			defaultConfigurationName = Release;
		};
		681A56E92D2457CE002E302C /* Build configuration list for PBXNativeTarget "typ-browserTests" */ = {
			isa = XCConfigurationList;
			buildConfigurations = (
				681A56EA2D2457CE002E302C /* Debug */,
				681A56EB2D2457CE002E302C /* Release */,
			);
			defaultConfigurationIsVisible = 0;
			defaultConfigurationName = Release;
		};
		681A56EC2D2457CE002E302C /* Build configuration list for PBXNativeTarget "typ-browserUITests" */ = {
			isa = XCConfigurationList;
			buildConfigurations = (
				681A56ED2D2457CE002E302C /* Debug */,
				681A56EE2D2457CE002E302C /* Release */,
			);
			defaultConfigurationIsVisible = 0;
			defaultConfigurationName = Release;
		};
/* End XCConfigurationList section */
	};
	rootObject = 681A56B92D2457CA002E302C /* Project object */;
}
